
Microsoft Visual Studio Solution File, Format Version 11.00
# Visual Studio 2010
Project("{FAE04EC0-301F-11D3-BF4B-00C04F79EFBC}") = "PrimeFactorKata", "PrimeFactorKata.csproj", "{7A1D06BE-D9E6-4A49-89DF-DCB97DE2AC40}"
EndProject
Project("{FAE04EC0-301F-11D3-BF4B-00C04F79EFBC}") = "PrimeFactorKata.Test", "..\PrimeFactorKata.Test\PrimeFactorKata.Test.csproj", "{11F7EFC2-F04C-4C05-A47D-C19BB5B1A016}"
EndProject
Global
	GlobalSection(SolutionConfigurationPlatforms) = preSolution
		Debug|Any CPU = Debug|Any CPU
		Release|Any CPU = Release|Any CPU
	EndGlobalSection
	GlobalSection(ProjectConfigurationPlatforms) = postSolution
		{7A1D06BE-D9E6-4A49-89DF-DCB97DE2AC40}.Debug|Any CPU.ActiveCfg = Debug|Any CPU
		{7A1D06BE-D9E6-4A49-89DF-DCB97DE2AC40}.Debug|Any CPU.Build.0 = Debug|Any CPU
		{7A1D06BE-D9E6-4A49-89DF-DCB97DE2AC40}.Release|Any CPU.ActiveCfg = Release|Any CPU
		{7A1D06BE-D9E6-4A49-89DF-DCB97DE2AC40}.Release|Any CPU.Build.0 = Release|Any CPU
		{11F7EFC2-F04C-4C05-A47D-C19BB5B1A016}.Debug|Any CPU.ActiveCfg = Debug|Any CPU
		{11F7EFC2-F04C-4C05-A47D-C19BB5B1A016}.Debug|Any CPU.Build.0 = Debug|Any CPU
		{11F7EFC2-F04C-4C05-A47D-C19BB5B1A016}.Release|Any CPU.ActiveCfg = Release|Any CPU
		{11F7EFC2-F04C-4C05-A47D-C19BB5B1A016}.Release|Any CPU.Build.0 = Release|Any CPU
	EndGlobalSection
	GlobalSection(SolutionProperties) = preSolution
		HideSolutionNode = FALSE
	EndGlobalSection
EndGlobal
